
Microsoft Visual Studio Solution File, Format Version 12.00
# Visual Studio Version 16
VisualStudioVersion = 16.0.29509.3
MinimumVisualStudioVersion = 10.0.40219.1
Project("{9A19103F-16F7-4668-BE54-9A1E7A4F7556}") = "ExtraaEdge.CRM.WebAPI", "ExtraaEdge.CRM.WebAPI\ExtraaEdge.CRM.WebAPI.csproj", "{34C6FF4E-D277-4BE3-9B7F-32F1FFE1A2E4}"
EndProject
Project("{FAE04EC0-301F-11D3-BF4B-00C04F79EFBC}") = "ExtraaEdge.CRM.Repositoy", "ExtraaEdge.CRM.Repositoy\ExtraaEdge.CRM.Repositoy.csproj", "{77C659F6-E368-4ED9-9F36-E4B94792C6C5}"
EndProject
Project("{9A19103F-16F7-4668-BE54-9A1E7A4F7556}") = "ExtraaEdge.CRM.Common.Utils", "ExtraaEdge.CRM.Common.Utils\ExtraaEdge.CRM.Common.Utils.csproj", "{538006E8-C520-44D3-AA50-C31B2C662D39}"
EndProject
Project("{FAE04EC0-301F-11D3-BF4B-00C04F79EFBC}") = "ExtraaEdge.CRM.BusinessLayer", "ExtraaEdge.CRM.BusinessLayerr\ExtraaEdge.CRM.BusinessLayer.csproj", "{A63E2C9F-0E00-4BF6-B99B-F29FEEBFBCDF}"
EndProject
Project("{FAE04EC0-301F-11D3-BF4B-00C04F79EFBC}") = "ExtraaEdge.CRM.EntityModell", "ExtraaEdge.CRM.EntityModell\ExtraaEdge.CRM.EntityModell.csproj", "{0F961E71-7712-4358-972C-EBF963D03C88}"
EndProject
Global
	GlobalSection(SolutionConfigurationPlatforms) = preSolution
		Debug|Any CPU = Debug|Any CPU
		Release|Any CPU = Release|Any CPU
	EndGlobalSection
	GlobalSection(ProjectConfigurationPlatforms) = postSolution
		{34C6FF4E-D277-4BE3-9B7F-32F1FFE1A2E4}.Debug|Any CPU.ActiveCfg = Debug|Any CPU
		{34C6FF4E-D277-4BE3-9B7F-32F1FFE1A2E4}.Debug|Any CPU.Build.0 = Debug|Any CPU
		{34C6FF4E-D277-4BE3-9B7F-32F1FFE1A2E4}.Release|Any CPU.ActiveCfg = Release|Any CPU
		{34C6FF4E-D277-4BE3-9B7F-32F1FFE1A2E4}.Release|Any CPU.Build.0 = Release|Any CPU
		{77C659F6-E368-4ED9-9F36-E4B94792C6C5}.Debug|Any CPU.ActiveCfg = Debug|Any CPU
		{77C659F6-E368-4ED9-9F36-E4B94792C6C5}.Debug|Any CPU.Build.0 = Debug|Any CPU
		{77C659F6-E368-4ED9-9F36-E4B94792C6C5}.Release|Any CPU.ActiveCfg = Release|Any CPU
		{77C659F6-E368-4ED9-9F36-E4B94792C6C5}.Release|Any CPU.Build.0 = Release|Any CPU
		{538006E8-C520-44D3-AA50-C31B2C662D39}.Debug|Any CPU.ActiveCfg = Debug|Any CPU
		{538006E8-C520-44D3-AA50-C31B2C662D39}.Debug|Any CPU.Build.0 = Debug|Any CPU
		{538006E8-C520-44D3-AA50-C31B2C662D39}.Release|Any CPU.ActiveCfg = Release|Any CPU
		{538006E8-C520-44D3-AA50-C31B2C662D39}.Release|Any CPU.Build.0 = Release|Any CPU
		{A63E2C9F-0E00-4BF6-B99B-F29FEEBFBCDF}.Debug|Any CPU.ActiveCfg = Debug|Any CPU
		{A63E2C9F-0E00-4BF6-B99B-F29FEEBFBCDF}.Debug|Any CPU.Build.0 = Debug|Any CPU
		{A63E2C9F-0E00-4BF6-B99B-F29FEEBFBCDF}.Release|Any CPU.ActiveCfg = Release|Any CPU
		{A63E2C9F-0E00-4BF6-B99B-F29FEEBFBCDF}.Release|Any CPU.Build.0 = Release|Any CPU
		{0F961E71-7712-4358-972C-EBF963D03C88}.Debug|Any CPU.ActiveCfg = Debug|Any CPU
		{0F961E71-7712-4358-972C-EBF963D03C88}.Debug|Any CPU.Build.0 = Debug|Any CPU
		{0F961E71-7712-4358-972C-EBF963D03C88}.Release|Any CPU.ActiveCfg = Release|Any CPU
		{0F961E71-7712-4358-972C-EBF963D03C88}.Release|Any CPU.Build.0 = Release|Any CPU
	EndGlobalSection
	GlobalSection(SolutionProperties) = preSolution
		HideSolutionNode = FALSE
	EndGlobalSection
	GlobalSection(ExtensibilityGlobals) = postSolution
		SolutionGuid = {4A0AA75D-DC2C-424B-BD8D-13BDB88FAF83}
	EndGlobalSection
EndGlobal
